
Microsoft Visual Studio Solution File, Format Version 12.00
# Visual Studio Version 17
VisualStudioVersion = 17.14.36202.13
MinimumVisualStudioVersion = 10.0.40219.1
Project("{FAE04EC0-301F-11D3-BF4B-00C04F79EFBC}") = "TrangWebDH", "TrangWebDH\TrangWebDH.csproj", "{A2024682-3437-48A2-94E1-3CC78FC21A8E}"
EndProject
Global
	GlobalSection(SolutionConfigurationPlatforms) = preSolution
		Debug|Any CPU = Debug|Any CPU
		Release|Any CPU = Release|Any CPU
	EndGlobalSection
	GlobalSection(ProjectConfigurationPlatforms) = postSolution
		{A2024682-3437-48A2-94E1-3CC78FC21A8E}.Debug|Any CPU.ActiveCfg = Debug|Any CPU
		{A2024682-3437-48A2-94E1-3CC78FC21A8E}.Debug|Any CPU.Build.0 = Debug|Any CPU
		{A2024682-3437-48A2-94E1-3CC78FC21A8E}.Release|Any CPU.ActiveCfg = Release|Any CPU
		{A2024682-3437-48A2-94E1-3CC78FC21A8E}.Release|Any CPU.Build.0 = Release|Any CPU
	EndGlobalSection
	GlobalSection(SolutionProperties) = preSolution
		HideSolutionNode = FALSE
	EndGlobalSection
	GlobalSection(ExtensibilityGlobals) = postSolution
		SolutionGuid = {F3C7E880-7FCB-4515-8106-510355828CD0}
	EndGlobalSection
EndGlobal
